
Microsoft Visual Studio Solution File, Format Version 12.00
# Visual Studio Version 16
VisualStudioVersion = 16.0.30804.86
MinimumVisualStudioVersion = 10.0.40219.1
Project("{FAE04EC0-301F-11D3-BF4B-00C04F79EFBC}") = "CarServiceLogger", "CarServiceLogger\CarServiceLogger.csproj", "{4F6D59FC-01A7-420C-86EB-AF0DB8305566}"
EndProject
Global
	GlobalSection(SolutionConfigurationPlatforms) = preSolution
		Debug|Any CPU = Debug|Any CPU
		Release|Any CPU = Release|Any CPU
	EndGlobalSection
	GlobalSection(ProjectConfigurationPlatforms) = postSolution
		{4F6D59FC-01A7-420C-86EB-AF0DB8305566}.Debug|Any CPU.ActiveCfg = Debug|Any CPU
		{4F6D59FC-01A7-420C-86EB-AF0DB8305566}.Debug|Any CPU.Build.0 = Debug|Any CPU
		{4F6D59FC-01A7-420C-86EB-AF0DB8305566}.Release|Any CPU.ActiveCfg = Release|Any CPU
		{4F6D59FC-01A7-420C-86EB-AF0DB8305566}.Release|Any CPU.Build.0 = Release|Any CPU
	EndGlobalSection
	GlobalSection(SolutionProperties) = preSolution
		HideSolutionNode = FALSE
	EndGlobalSection
	GlobalSection(ExtensibilityGlobals) = postSolution
		SolutionGuid = {BAF9F637-0771-4188-91EB-38E611BCABE5}
	EndGlobalSection
EndGlobal
